// !$*UTF8*$!
{
	archiveVersion = 1;
	classes = {
	};
	objectVersion = 55;
	objects = {

/* Begin PBXBuildFile section */
		4C4258B02897797C00A79CBE /* OpenWeatherApp.swift in Sources */ = {isa = PBXBuildFile; fileRef = 4C4258AF2897797C00A79CBE /* OpenWeatherApp.swift */; };
		4C4258B22897797C00A79CBE /* HomeView.swift in Sources */ = {isa = PBXBuildFile; fileRef = 4C4258B12897797C00A79CBE /* HomeView.swift */; };
		4C4258B42897797D00A79CBE /* Assets.xcassets in Resources */ = {isa = PBXBuildFile; fileRef = 4C4258B32897797D00A79CBE /* Assets.xcassets */; };
		4C4258B72897797D00A79CBE /* Preview Assets.xcassets in Resources */ = {isa = PBXBuildFile; fileRef = 4C4258B62897797D00A79CBE /* Preview Assets.xcassets */; };
		4C963B0328978049007F255C /* HTTPMethod.swift in Sources */ = {isa = PBXBuildFile; fileRef = 4C963B0228978049007F255C /* HTTPMethod.swift */; };
		4C963B06289780AA007F255C /* ForecastRequestBuilder.swift in Sources */ = {isa = PBXBuildFile; fileRef = 4C963B05289780AA007F255C /* ForecastRequestBuilder.swift */; };
		4C963B08289795C7007F255C /* TemperatureUnit.swift in Sources */ = {isa = PBXBuildFile; fileRef = 4C963B07289795C7007F255C /* TemperatureUnit.swift */; };
		4C963B0A289795F0007F255C /* ForecastService.swift in Sources */ = {isa = PBXBuildFile; fileRef = 4C963B09289795F0007F255C /* ForecastService.swift */; };
		4C963B0C28979694007F255C /* WeatherForecast.swift in Sources */ = {isa = PBXBuildFile; fileRef = 4C963B0B28979694007F255C /* WeatherForecast.swift */; };
		4C963B10289796BD007F255C /* Weather.swift in Sources */ = {isa = PBXBuildFile; fileRef = 4C963B0F289796BD007F255C /* Weather.swift */; };
		4C963B122897975F007F255C /* Constants.swift in Sources */ = {isa = PBXBuildFile; fileRef = 4C963B112897975F007F255C /* Constants.swift */; };
		4C963B14289798F9007F255C /* Date_Extension.swift in Sources */ = {isa = PBXBuildFile; fileRef = 4C963B13289798F9007F255C /* Date_Extension.swift */; };
		4CD42B4728977A0000D1CE16 /* CitySearchView.swift in Sources */ = {isa = PBXBuildFile; fileRef = 4CD42B4628977A0000D1CE16 /* CitySearchView.swift */; };
		4CD42B4928977A1400D1CE16 /* CitySearchViewModel.swift in Sources */ = {isa = PBXBuildFile; fileRef = 4CD42B4828977A1400D1CE16 /* CitySearchViewModel.swift */; };
		4CD42B4B28977A2200D1CE16 /* Place.swift in Sources */ = {isa = PBXBuildFile; fileRef = 4CD42B4A28977A2200D1CE16 /* Place.swift */; };
		4CD42B4D28977A2C00D1CE16 /* Asset.swift in Sources */ = {isa = PBXBuildFile; fileRef = 4CD42B4C28977A2C00D1CE16 /* Asset.swift */; };
		4CD42B4F28977A3800D1CE16 /* LocalSearchAdapter.swift in Sources */ = {isa = PBXBuildFile; fileRef = 4CD42B4E28977A3800D1CE16 /* LocalSearchAdapter.swift */; };
		4CD42B5128977A5000D1CE16 /* MKMapItem_Extension.swift in Sources */ = {isa = PBXBuildFile; fileRef = 4CD42B5028977A5000D1CE16 /* MKMapItem_Extension.swift */; };
		4CD42B5428977A6600D1CE16 /* MapKit.framework in Frameworks */ = {isa = PBXBuildFile; fileRef = 4CD42B5328977A6600D1CE16 /* MapKit.framework */; };
		4CD42B5628977A6C00D1CE16 /* CoreLocation.framework in Frameworks */ = {isa = PBXBuildFile; fileRef = 4CD42B5528977A6C00D1CE16 /* CoreLocation.framework */; };
		4CD42B5828977C3200D1CE16 /* HomeViewModel.swift in Sources */ = {isa = PBXBuildFile; fileRef = 4CD42B5728977C3200D1CE16 /* HomeViewModel.swift */; };
		4CD42B6128977EBF00D1CE16 /* NetworkManager.swift in Sources */ = {isa = PBXBuildFile; fileRef = 4CD42B6028977EBF00D1CE16 /* NetworkManager.swift */; };
		4CD42B6328979BF200D1CE16 /* ForecastType.swift in Sources */ = {isa = PBXBuildFile; fileRef = 4CD42B6228979BF200D1CE16 /* ForecastType.swift */; };
		4CD42B652897A38500D1CE16 /* CityForecastView.swift in Sources */ = {isa = PBXBuildFile; fileRef = 4CD42B642897A38500D1CE16 /* CityForecastView.swift */; };
		4CD42B672897A45600D1CE16 /* CurrentForecast.swift in Sources */ = {isa = PBXBuildFile; fileRef = 4CD42B662897A45600D1CE16 /* CurrentForecast.swift */; };
		4CD42B692897A4B100D1CE16 /* HourlyForecast.swift in Sources */ = {isa = PBXBuildFile; fileRef = 4CD42B682897A4B100D1CE16 /* HourlyForecast.swift */; };
		4CD42B6B2897B42500D1CE16 /* CityForecastViewModel.swift in Sources */ = {isa = PBXBuildFile; fileRef = 4CD42B6A2897B42500D1CE16 /* CityForecastViewModel.swift */; };
		4CD42B6E2897B59800D1CE16 /* CityForecastDetailView.swift in Sources */ = {isa = PBXBuildFile; fileRef = 4CD42B6D2897B59800D1CE16 /* CityForecastDetailView.swift */; };
		4CD42B702897BCCF00D1CE16 /* UnitPickerView.swift in Sources */ = {isa = PBXBuildFile; fileRef = 4CD42B6F2897BCCF00D1CE16 /* UnitPickerView.swift */; };
/* End PBXBuildFile section */

/* Begin PBXFileReference section */
		4C4258AC2897797C00A79CBE /* OpenWeather.app */ = {isa = PBXFileReference; explicitFileType = wrapper.application; includeInIndex = 0; path = OpenWeather.app; sourceTree = BUILT_PRODUCTS_DIR; };
		4C4258AF2897797C00A79CBE /* OpenWeatherApp.swift */ = {isa = PBXFileReference; lastKnownFileType = sourcecode.swift; path = OpenWeatherApp.swift; sourceTree = "<group>"; };
		4C4258B12897797C00A79CBE /* HomeView.swift */ = {isa = PBXFileReference; lastKnownFileType = sourcecode.swift; path = HomeView.swift; sourceTree = "<group>"; };
		4C4258B32897797D00A79CBE /* Assets.xcassets */ = {isa = PBXFileReference; lastKnownFileType = folder.assetcatalog; path = Assets.xcassets; sourceTree = "<group>"; };
		4C4258B62897797D00A79CBE /* Preview Assets.xcassets */ = {isa = PBXFileReference; lastKnownFileType = folder.assetcatalog; path = "Preview Assets.xcassets"; sourceTree = "<group>"; };
		4C963B0228978049007F255C /* HTTPMethod.swift */ = {isa = PBXFileReference; lastKnownFileType = sourcecode.swift; path = HTTPMethod.swift; sourceTree = "<group>"; };
		4C963B05289780AA007F255C /* ForecastRequestBuilder.swift */ = {isa = PBXFileReference; lastKnownFileType = sourcecode.swift; path = ForecastRequestBuilder.swift; sourceTree = "<group>"; };
		4C963B07289795C7007F255C /* TemperatureUnit.swift */ = {isa = PBXFileReference; lastKnownFileType = sourcecode.swift; path = TemperatureUnit.swift; sourceTree = "<group>"; };
		4C963B09289795F0007F255C /* ForecastService.swift */ = {isa = PBXFileReference; lastKnownFileType = sourcecode.swift; path = ForecastService.swift; sourceTree = "<group>"; };
		4C963B0B28979694007F255C /* WeatherForecast.swift */ = {isa = PBXFileReference; lastKnownFileType = sourcecode.swift; path = WeatherForecast.swift; sourceTree = "<group>"; };
		4C963B0F289796BD007F255C /* Weather.swift */ = {isa = PBXFileReference; lastKnownFileType = sourcecode.swift; path = Weather.swift; sourceTree = "<group>"; };
		4C963B112897975F007F255C /* Constants.swift */ = {isa = PBXFileReference; lastKnownFileType = sourcecode.swift; path = Constants.swift; sourceTree = "<group>"; };
		4C963B13289798F9007F255C /* Date_Extension.swift */ = {isa = PBXFileReference; lastKnownFileType = sourcecode.swift; path = Date_Extension.swift; sourceTree = "<group>"; };
		4CD42B4628977A0000D1CE16 /* CitySearchView.swift */ = {isa = PBXFileReference; lastKnownFileType = sourcecode.swift; path = CitySearchView.swift; sourceTree = "<group>"; };
		4CD42B4828977A1400D1CE16 /* CitySearchViewModel.swift */ = {isa = PBXFileReference; lastKnownFileType = sourcecode.swift; path = CitySearchViewModel.swift; sourceTree = "<group>"; };
		4CD42B4A28977A2200D1CE16 /* Place.swift */ = {isa = PBXFileReference; lastKnownFileType = sourcecode.swift; path = Place.swift; sourceTree = "<group>"; };
		4CD42B4C28977A2C00D1CE16 /* Asset.swift */ = {isa = PBXFileReference; lastKnownFileType = sourcecode.swift; path = Asset.swift; sourceTree = "<group>"; };
		4CD42B4E28977A3800D1CE16 /* LocalSearchAdapter.swift */ = {isa = PBXFileReference; lastKnownFileType = sourcecode.swift; path = LocalSearchAdapter.swift; sourceTree = "<group>"; };
		4CD42B5028977A5000D1CE16 /* MKMapItem_Extension.swift */ = {isa = PBXFileReference; lastKnownFileType = sourcecode.swift; path = MKMapItem_Extension.swift; sourceTree = "<group>"; };
		4CD42B5328977A6600D1CE16 /* MapKit.framework */ = {isa = PBXFileReference; lastKnownFileType = wrapper.framework; name = MapKit.framework; path = System/Library/Frameworks/MapKit.framework; sourceTree = SDKROOT; };
		4CD42B5528977A6C00D1CE16 /* CoreLocation.framework */ = {isa = PBXFileReference; lastKnownFileType = wrapper.framework; name = CoreLocation.framework; path = System/Library/Frameworks/CoreLocation.framework; sourceTree = SDKROOT; };
		4CD42B5728977C3200D1CE16 /* HomeViewModel.swift */ = {isa = PBXFileReference; lastKnownFileType = sourcecode.swift; path = HomeViewModel.swift; sourceTree = "<group>"; };
		4CD42B6028977EBF00D1CE16 /* NetworkManager.swift */ = {isa = PBXFileReference; lastKnownFileType = sourcecode.swift; path = NetworkManager.swift; sourceTree = "<group>"; };
		4CD42B6228979BF200D1CE16 /* ForecastType.swift */ = {isa = PBXFileReference; lastKnownFileType = sourcecode.swift; path = ForecastType.swift; sourceTree = "<group>"; };
		4CD42B642897A38500D1CE16 /* CityForecastView.swift */ = {isa = PBXFileReference; lastKnownFileType = sourcecode.swift; path = CityForecastView.swift; sourceTree = "<group>"; };
		4CD42B662897A45600D1CE16 /* CurrentForecast.swift */ = {isa = PBXFileReference; lastKnownFileType = sourcecode.swift; path = CurrentForecast.swift; sourceTree = "<group>"; };
		4CD42B682897A4B100D1CE16 /* HourlyForecast.swift */ = {isa = PBXFileReference; lastKnownFileType = sourcecode.swift; path = HourlyForecast.swift; sourceTree = "<group>"; };
		4CD42B6A2897B42500D1CE16 /* CityForecastViewModel.swift */ = {isa = PBXFileReference; lastKnownFileType = sourcecode.swift; path = CityForecastViewModel.swift; sourceTree = "<group>"; };
		4CD42B6D2897B59800D1CE16 /* CityForecastDetailView.swift */ = {isa = PBXFileReference; lastKnownFileType = sourcecode.swift; path = CityForecastDetailView.swift; sourceTree = "<group>"; };
		4CD42B6F2897BCCF00D1CE16 /* UnitPickerView.swift */ = {isa = PBXFileReference; lastKnownFileType = sourcecode.swift; path = UnitPickerView.swift; sourceTree = "<group>"; };
/* End PBXFileReference section */

/* Begin PBXFrameworksBuildPhase section */
		4C4258A92897797C00A79CBE /* Frameworks */ = {
			isa = PBXFrameworksBuildPhase;
			buildActionMask = 2147483647;
			files = (
				4CD42B5628977A6C00D1CE16 /* CoreLocation.framework in Frameworks */,
				4CD42B5428977A6600D1CE16 /* MapKit.framework in Frameworks */,
			);
			runOnlyForDeploymentPostprocessing = 0;
		};
/* End PBXFrameworksBuildPhase section */

/* Begin PBXGroup section */
		4C4258A32897797C00A79CBE = {
			isa = PBXGroup;
			children = (
				4C4258AE2897797C00A79CBE /* OpenWeather */,
				4C4258AD2897797C00A79CBE /* Products */,
				4CD42B5228977A6600D1CE16 /* Frameworks */,
			);
			sourceTree = "<group>";
		};
		4C4258AD2897797C00A79CBE /* Products */ = {
			isa = PBXGroup;
			children = (
				4C4258AC2897797C00A79CBE /* OpenWeather.app */,
			);
			name = Products;
			sourceTree = "<group>";
		};
		4C4258AE2897797C00A79CBE /* OpenWeather */ = {
			isa = PBXGroup;
			children = (
				4C4258B32897797D00A79CBE /* Assets.xcassets */,
				4C4258B52897797D00A79CBE /* Preview Content */,
				4CD42B5E28977CAC00D1CE16 /* UI */,
				4CD42B5D28977CA100D1CE16 /* Adapters */,
				4CD42B5F28977CC100D1CE16 /* Models */,
				4CD42B5B28977C9500D1CE16 /* Utilities */,
				4C963B0428978050007F255C /* Networking */,
			);
			path = OpenWeather;
			sourceTree = "<group>";
		};
		4C4258B52897797D00A79CBE /* Preview Content */ = {
			isa = PBXGroup;
			children = (
				4C4258B62897797D00A79CBE /* Preview Assets.xcassets */,
			);
			path = "Preview Content";
			sourceTree = "<group>";
		};
		4C963B0428978050007F255C /* Networking */ = {
			isa = PBXGroup;
			children = (
				4CD42B6028977EBF00D1CE16 /* NetworkManager.swift */,
				4C963B0228978049007F255C /* HTTPMethod.swift */,
				4C963B05289780AA007F255C /* ForecastRequestBuilder.swift */,
				4C963B09289795F0007F255C /* ForecastService.swift */,
			);
			path = Networking;
			sourceTree = "<group>";
		};
		4CD42B5228977A6600D1CE16 /* Frameworks */ = {
			isa = PBXGroup;
			children = (
				4CD42B5528977A6C00D1CE16 /* CoreLocation.framework */,
				4CD42B5328977A6600D1CE16 /* MapKit.framework */,
			);
			name = Frameworks;
			sourceTree = "<group>";
		};
		4CD42B5928977C3800D1CE16 /* Home */ = {
			isa = PBXGroup;
			children = (
				4C4258B12897797C00A79CBE /* HomeView.swift */,
				4CD42B5728977C3200D1CE16 /* HomeViewModel.swift */,
				4CD42B6F2897BCCF00D1CE16 /* UnitPickerView.swift */,
			);
			path = Home;
			sourceTree = "<group>";
		};
		4CD42B5A28977C4300D1CE16 /* CitySearch */ = {
			isa = PBXGroup;
			children = (
				4CD42B4628977A0000D1CE16 /* CitySearchView.swift */,
				4CD42B4828977A1400D1CE16 /* CitySearchViewModel.swift */,
			);
			path = CitySearch;
			sourceTree = "<group>";
		};
		4CD42B5B28977C9500D1CE16 /* Utilities */ = {
			isa = PBXGroup;
			children = (
				4CD42B4C28977A2C00D1CE16 /* Asset.swift */,
				4CD42B5C28977C9B00D1CE16 /* Extensions */,
				4C963B112897975F007F255C /* Constants.swift */,
			);
			path = Utilities;
			sourceTree = "<group>";
		};
		4CD42B5C28977C9B00D1CE16 /* Extensions */ = {
			isa = PBXGroup;
			children = (
				4CD42B5028977A5000D1CE16 /* MKMapItem_Extension.swift */,
				4C963B13289798F9007F255C /* Date_Extension.swift */,
			);
			path = Extensions;
			sourceTree = "<group>";
		};
		4CD42B5D28977CA100D1CE16 /* Adapters */ = {
			isa = PBXGroup;
			children = (
				4CD42B4E28977A3800D1CE16 /* LocalSearchAdapter.swift */,
			);
			path = Adapters;
			sourceTree = "<group>";
		};
		4CD42B5E28977CAC00D1CE16 /* UI */ = {
			isa = PBXGroup;
			children = (
				4C4258AF2897797C00A79CBE /* OpenWeatherApp.swift */,
				4CD42B5928977C3800D1CE16 /* Home */,
				4CD42B5A28977C4300D1CE16 /* CitySearch */,
				4CD42B6C2897B44800D1CE16 /* CityForecast */,
				4CD42B6D2897B59800D1CE16 /* CityForecastDetailView.swift */,
			);
			path = UI;
			sourceTree = "<group>";
		};
		4CD42B5F28977CC100D1CE16 /* Models */ = {
			isa = PBXGroup;
			children = (
				4CD42B4A28977A2200D1CE16 /* Place.swift */,
				4C963B07289795C7007F255C /* TemperatureUnit.swift */,
				4C963B0B28979694007F255C /* WeatherForecast.swift */,
				4C963B0F289796BD007F255C /* Weather.swift */,
				4CD42B6228979BF200D1CE16 /* ForecastType.swift */,
				4CD42B662897A45600D1CE16 /* CurrentForecast.swift */,
				4CD42B682897A4B100D1CE16 /* HourlyForecast.swift */,
			);
			path = Models;
			sourceTree = "<group>";
		};
		4CD42B6C2897B44800D1CE16 /* CityForecast */ = {
			isa = PBXGroup;
			children = (
				4CD42B642897A38500D1CE16 /* CityForecastView.swift */,
				4CD42B6A2897B42500D1CE16 /* CityForecastViewModel.swift */,
			);
			path = CityForecast;
			sourceTree = "<group>";
		};
/* End PBXGroup section */

/* Begin PBXNativeTarget section */
		4C4258AB2897797C00A79CBE /* OpenWeather */ = {
			isa = PBXNativeTarget;
			buildConfigurationList = 4C4258BA2897797D00A79CBE /* Build configuration list for PBXNativeTarget "OpenWeather" */;
			buildPhases = (
				4C4258A82897797C00A79CBE /* Sources */,
				4C4258A92897797C00A79CBE /* Frameworks */,
				4C4258AA2897797C00A79CBE /* Resources */,
			);
			buildRules = (
			);
			dependencies = (
			);
			name = OpenWeather;
			productName = OpenWeather;
			productReference = 4C4258AC2897797C00A79CBE /* OpenWeather.app */;
			productType = "com.apple.product-type.application";
		};
/* End PBXNativeTarget section */

/* Begin PBXProject section */
		4C4258A42897797C00A79CBE /* Project object */ = {
			isa = PBXProject;
			attributes = {
				BuildIndependentTargetsInParallel = 1;
				LastSwiftUpdateCheck = 1340;
				LastUpgradeCheck = 1340;
				TargetAttributes = {
					4C4258AB2897797C00A79CBE = {
						CreatedOnToolsVersion = 13.4.1;
					};
				};
			};
			buildConfigurationList = 4C4258A72897797C00A79CBE /* Build configuration list for PBXProject "OpenWeather" */;
			compatibilityVersion = "Xcode 13.0";
			developmentRegion = en;
			hasScannedForEncodings = 0;
			knownRegions = (
				en,
				Base,
			);
			mainGroup = 4C4258A32897797C00A79CBE;
			productRefGroup = 4C4258AD2897797C00A79CBE /* Products */;
			projectDirPath = "";
			projectRoot = "";
			targets = (
				4C4258AB2897797C00A79CBE /* OpenWeather */,
			);
		};
/* End PBXProject section */

/* Begin PBXResourcesBuildPhase section */
		4C4258AA2897797C00A79CBE /* Resources */ = {
			isa = PBXResourcesBuildPhase;
			buildActionMask = 2147483647;
			files = (
				4C4258B72897797D00A79CBE /* Preview Assets.xcassets in Resources */,
				4C4258B42897797D00A79CBE /* Assets.xcassets in Resources */,
			);
			runOnlyForDeploymentPostprocessing = 0;
		};
/* End PBXResourcesBuildPhase section */

/* Begin PBXSourcesBuildPhase section */
		4C4258A82897797C00A79CBE /* Sources */ = {
			isa = PBXSourcesBuildPhase;
			buildActionMask = 2147483647;
			files = (
				4CD42B4D28977A2C00D1CE16 /* Asset.swift in Sources */,
				4C963B10289796BD007F255C /* Weather.swift in Sources */,
				4CD42B5828977C3200D1CE16 /* HomeViewModel.swift in Sources */,
				4CD42B6128977EBF00D1CE16 /* NetworkManager.swift in Sources */,
				4C963B08289795C7007F255C /* TemperatureUnit.swift in Sources */,
				4C963B0328978049007F255C /* HTTPMethod.swift in Sources */,
				4C4258B22897797C00A79CBE /* HomeView.swift in Sources */,
				4CD42B4728977A0000D1CE16 /* CitySearchView.swift in Sources */,
				4C963B06289780AA007F255C /* ForecastRequestBuilder.swift in Sources */,
				4CD42B6328979BF200D1CE16 /* ForecastType.swift in Sources */,
				4CD42B672897A45600D1CE16 /* CurrentForecast.swift in Sources */,
				4C4258B02897797C00A79CBE /* OpenWeatherApp.swift in Sources */,
				4CD42B702897BCCF00D1CE16 /* UnitPickerView.swift in Sources */,
				4CD42B4F28977A3800D1CE16 /* LocalSearchAdapter.swift in Sources */,
				4C963B14289798F9007F255C /* Date_Extension.swift in Sources */,
				4CD42B5128977A5000D1CE16 /* MKMapItem_Extension.swift in Sources */,
				4CD42B4928977A1400D1CE16 /* CitySearchViewModel.swift in Sources */,
				4CD42B6B2897B42500D1CE16 /* CityForecastViewModel.swift in Sources */,
				4C963B0A289795F0007F255C /* ForecastService.swift in Sources */,
				4CD42B652897A38500D1CE16 /* CityForecastView.swift in Sources */,
				4CD42B4B28977A2200D1CE16 /* Place.swift in Sources */,
				4CD42B692897A4B100D1CE16 /* HourlyForecast.swift in Sources */,
				4C963B0C28979694007F255C /* WeatherForecast.swift in Sources */,
				4CD42B6E2897B59800D1CE16 /* CityForecastDetailView.swift in Sources */,
				4C963B122897975F007F255C /* Constants.swift in Sources */,
			);
			runOnlyForDeploymentPostprocessing = 0;
		};
/* End PBXSourcesBuildPhase section */

/* Begin XCBuildConfiguration section */
		4C4258B82897797D00A79CBE /* Debug */ = {
			isa = XCBuildConfiguration;
			buildSettings = {
				ALWAYS_SEARCH_USER_PATHS = NO;
				CLANG_ANALYZER_NONNULL = YES;
				CLANG_ANALYZER_NUMBER_OBJECT_CONVERSION = YES_AGGRESSIVE;
				CLANG_CXX_LANGUAGE_STANDARD = "gnu++17";
				CLANG_ENABLE_MODULES = YES;
				CLANG_ENABLE_OBJC_ARC = YES;
				CLANG_ENABLE_OBJC_WEAK = YES;
				CLANG_WARN_BLOCK_CAPTURE_AUTORELEASING = YES;
				CLANG_WARN_BOOL_CONVERSION = YES;
				CLANG_WARN_COMMA = YES;
				CLANG_WARN_CONSTANT_CONVERSION = YES;
				CLANG_WARN_DEPRECATED_OBJC_IMPLEMENTATIONS = YES;
				CLANG_WARN_DIRECT_OBJC_ISA_USAGE = YES_ERROR;
				CLANG_WARN_DOCUMENTATION_COMMENTS = YES;
				CLANG_WARN_EMPTY_BODY = YES;
				CLANG_WARN_ENUM_CONVERSION = YES;
				CLANG_WARN_INFINITE_RECURSION = YES;
				CLANG_WARN_INT_CONVERSION = YES;
				CLANG_WARN_NON_LITERAL_NULL_CONVERSION = YES;
				CLANG_WARN_OBJC_IMPLICIT_RETAIN_SELF = YES;
				CLANG_WARN_OBJC_LITERAL_CONVERSION = YES;
				CLANG_WARN_OBJC_ROOT_CLASS = YES_ERROR;
				CLANG_WARN_QUOTED_INCLUDE_IN_FRAMEWORK_HEADER = YES;
				CLANG_WARN_RANGE_LOOP_ANALYSIS = YES;
				CLANG_WARN_STRICT_PROTOTYPES = YES;
				CLANG_WARN_SUSPICIOUS_MOVE = YES;
				CLANG_WARN_UNGUARDED_AVAILABILITY = YES_AGGRESSIVE;
				CLANG_WARN_UNREACHABLE_CODE = YES;
				CLANG_WARN__DUPLICATE_METHOD_MATCH = YES;
				COPY_PHASE_STRIP = NO;
				DEBUG_INFORMATION_FORMAT = dwarf;
				ENABLE_STRICT_OBJC_MSGSEND = YES;
				ENABLE_TESTABILITY = YES;
				GCC_C_LANGUAGE_STANDARD = gnu11;
				GCC_DYNAMIC_NO_PIC = NO;
				GCC_NO_COMMON_BLOCKS = YES;
				GCC_OPTIMIZATION_LEVEL = 0;
				GCC_PREPROCESSOR_DEFINITIONS = (
					"DEBUG=1",
					"$(inherited)",
				);
				GCC_WARN_64_TO_32_BIT_CONVERSION = YES;
				GCC_WARN_ABOUT_RETURN_TYPE = YES_ERROR;
				GCC_WARN_UNDECLARED_SELECTOR = YES;
				GCC_WARN_UNINITIALIZED_AUTOS = YES_AGGRESSIVE;
				GCC_WARN_UNUSED_FUNCTION = YES;
				GCC_WARN_UNUSED_VARIABLE = YES;
				IPHONEOS_DEPLOYMENT_TARGET = 15.5;
				MTL_ENABLE_DEBUG_INFO = INCLUDE_SOURCE;
				MTL_FAST_MATH = YES;
				ONLY_ACTIVE_ARCH = YES;
				SDKROOT = iphoneos;
				SWIFT_ACTIVE_COMPILATION_CONDITIONS = DEBUG;
				SWIFT_OPTIMIZATION_LEVEL = "-Onone";
			};
			name = Debug;
		};
		4C4258B92897797D00A79CBE /* Release */ = {
			isa = XCBuildConfiguration;
			buildSettings = {
				ALWAYS_SEARCH_USER_PATHS = NO;
				CLANG_ANALYZER_NONNULL = YES;
				CLANG_ANALYZER_NUMBER_OBJECT_CONVERSION = YES_AGGRESSIVE;
				CLANG_CXX_LANGUAGE_STANDARD = "gnu++17";
				CLANG_ENABLE_MODULES = YES;
				CLANG_ENABLE_OBJC_ARC = YES;
				CLANG_ENABLE_OBJC_WEAK = YES;
				CLANG_WARN_BLOCK_CAPTURE_AUTORELEASING = YES;
				CLANG_WARN_BOOL_CONVERSION = YES;
				CLANG_WARN_COMMA = YES;
				CLANG_WARN_CONSTANT_CONVERSION = YES;
				CLANG_WARN_DEPRECATED_OBJC_IMPLEMENTATIONS = YES;
				CLANG_WARN_DIRECT_OBJC_ISA_USAGE = YES_ERROR;
				CLANG_WARN_DOCUMENTATION_COMMENTS = YES;
				CLANG_WARN_EMPTY_BODY = YES;
				CLANG_WARN_ENUM_CONVERSION = YES;
				CLANG_WARN_INFINITE_RECURSION = YES;
				CLANG_WARN_INT_CONVERSION = YES;
				CLANG_WARN_NON_LITERAL_NULL_CONVERSION = YES;
				CLANG_WARN_OBJC_IMPLICIT_RETAIN_SELF = YES;
				CLANG_WARN_OBJC_LITERAL_CONVERSION = YES;
				CLANG_WARN_OBJC_ROOT_CLASS = YES_ERROR;
				CLANG_WARN_QUOTED_INCLUDE_IN_FRAMEWORK_HEADER = YES;
				CLANG_WARN_RANGE_LOOP_ANALYSIS = YES;
				CLANG_WARN_STRICT_PROTOTYPES = YES;
				CLANG_WARN_SUSPICIOUS_MOVE = YES;
				CLANG_WARN_UNGUARDED_AVAILABILITY = YES_AGGRESSIVE;
				CLANG_WARN_UNREACHABLE_CODE = YES;
				CLANG_WARN__DUPLICATE_METHOD_MATCH = YES;
				COPY_PHASE_STRIP = NO;
				DEBUG_INFORMATION_FORMAT = "dwarf-with-dsym";
				ENABLE_NS_ASSERTIONS = NO;
				ENABLE_STRICT_OBJC_MSGSEND = YES;
				GCC_C_LANGUAGE_STANDARD = gnu11;
				GCC_NO_COMMON_BLOCKS = YES;
				GCC_WARN_64_TO_32_BIT_CONVERSION = YES;
				GCC_WARN_ABOUT_RETURN_TYPE = YES_ERROR;
				GCC_WARN_UNDECLARED_SELECTOR = YES;
				GCC_WARN_UNINITIALIZED_AUTOS = YES_AGGRESSIVE;
				GCC_WARN_UNUSED_FUNCTION = YES;
				GCC_WARN_UNUSED_VARIABLE = YES;
				IPHONEOS_DEPLOYMENT_TARGET = 15.5;
				MTL_ENABLE_DEBUG_INFO = NO;
				MTL_FAST_MATH = YES;
				SDKROOT = iphoneos;
				SWIFT_COMPILATION_MODE = wholemodule;
				SWIFT_OPTIMIZATION_LEVEL = "-O";
				VALIDATE_PRODUCT = YES;
			};
			name = Release;
		};
		4C4258BB2897797D00A79CBE /* Debug */ = {
			isa = XCBuildConfiguration;
			buildSettings = {
				ASSETCATALOG_COMPILER_APPICON_NAME = AppIcon;
				ASSETCATALOG_COMPILER_GLOBAL_ACCENT_COLOR_NAME = AccentColor;
				CODE_SIGN_STYLE = Automatic;
				CURRENT_PROJECT_VERSION = 1;
				DEVELOPMENT_ASSET_PATHS = "\"OpenWeather/Preview Content\"";
				DEVELOPMENT_TEAM = 7TQTLUZ395;
				ENABLE_PREVIEWS = YES;
				GENERATE_INFOPLIST_FILE = YES;
				INFOPLIST_KEY_UIApplicationSceneManifest_Generation = YES;
				INFOPLIST_KEY_UIApplicationSupportsIndirectInputEvents = YES;
				INFOPLIST_KEY_UILaunchScreen_Generation = YES;
				INFOPLIST_KEY_UISupportedInterfaceOrientations = UIInterfaceOrientationPortrait;
				INFOPLIST_KEY_UISupportedInterfaceOrientations_iPad = "UIInterfaceOrientationPortrait UIInterfaceOrientationPortraitUpsideDown UIInterfaceOrientationLandscapeLeft UIInterfaceOrientationLandscapeRight";
				INFOPLIST_KEY_UISupportedInterfaceOrientations_iPhone = "UIInterfaceOrientationPortrait UIInterfaceOrientationLandscapeLeft UIInterfaceOrientationLandscapeRight";
				LD_RUNPATH_SEARCH_PATHS = (
					"$(inherited)",
					"@executable_path/Frameworks",
				);
				MARKETING_VERSION = 1.0;
				PRODUCT_BUNDLE_IDENTIFIER = com.com.com.OpenWeather;
				PRODUCT_NAME = "$(TARGET_NAME)";
				SWIFT_EMIT_LOC_STRINGS = YES;
				SWIFT_VERSION = 5.0;
				TARGETED_DEVICE_FAMILY = 1;
			};
			name = Debug;
		};
		4C4258BC2897797D00A79CBE /* Release */ = {
			isa = XCBuildConfiguration;
			buildSettings = {
				ASSETCATALOG_COMPILER_APPICON_NAME = AppIcon;
				ASSETCATALOG_COMPILER_GLOBAL_ACCENT_COLOR_NAME = AccentColor;
				CODE_SIGN_STYLE = Automatic;
				CURRENT_PROJECT_VERSION = 1;
				DEVELOPMENT_ASSET_PATHS = "\"OpenWeather/Preview Content\"";
				DEVELOPMENT_TEAM = 7TQTLUZ395;
				ENABLE_PREVIEWS = YES;
				GENERATE_INFOPLIST_FILE = YES;
				INFOPLIST_KEY_UIApplicationSceneManifest_Generation = YES;
				INFOPLIST_KEY_UIApplicationSupportsIndirectInputEvents = YES;
				INFOPLIST_KEY_UILaunchScreen_Generation = YES;
				INFOPLIST_KEY_UISupportedInterfaceOrientations = UIInterfaceOrientationPortrait;
				INFOPLIST_KEY_UISupportedInterfaceOrientations_iPad = "UIInterfaceOrientationPortrait UIInterfaceOrientationPortraitUpsideDown UIInterfaceOrientationLandscapeLeft UIInterfaceOrientationLandscapeRight";
				INFOPLIST_KEY_UISupportedInterfaceOrientations_iPhone = "UIInterfaceOrientationPortrait UIInterfaceOrientationLandscapeLeft UIInterfaceOrientationLandscapeRight";
				LD_RUNPATH_SEARCH_PATHS = (
					"$(inherited)",
					"@executable_path/Frameworks",
				);
				MARKETING_VERSION = 1.0;
				PRODUCT_BUNDLE_IDENTIFIER = com.com.com.OpenWeather;
				PRODUCT_NAME = "$(TARGET_NAME)";
				SWIFT_EMIT_LOC_STRINGS = YES;
				SWIFT_VERSION = 5.0;
				TARGETED_DEVICE_FAMILY = 1;
			};
			name = Release;
		};
/* End XCBuildConfiguration section */

/* Begin XCConfigurationList section */
		4C4258A72897797C00A79CBE /* Build configuration list for PBXProject "OpenWeather" */ = {
			isa = XCConfigurationList;
			buildConfigurations = (
				4C4258B82897797D00A79CBE /* Debug */,
				4C4258B92897797D00A79CBE /* Release */,
			);
			defaultConfigurationIsVisible = 0;
			defaultConfigurationName = Release;
		};
		4C4258BA2897797D00A79CBE /* Build configuration list for PBXNativeTarget "OpenWeather" */ = {
			isa = XCConfigurationList;
			buildConfigurations = (
				4C4258BB2897797D00A79CBE /* Debug */,
				4C4258BC2897797D00A79CBE /* Release */,
			);
			defaultConfigurationIsVisible = 0;
			defaultConfigurationName = Release;
		};
/* End XCConfigurationList section */
	};
	rootObject = 4C4258A42897797C00A79CBE /* Project object */;
}
